
Microsoft Visual Studio Solution File, Format Version 12.00
# 
Project("{2150E333-8FDC-42A3-9474-1A3956D46DE8}") = "src", "src", "{9D64FA0C-6626-44F2-942D-A6C972F53824}"
EndProject
Project("{FAE04EC0-301F-11D3-BF4B-00C04F79EFBC}") = "Domain", "src\Domain\Domain.csproj", "{79EF5C2E-BA7D-4934-A21C-BEFA62E5085A}"
EndProject
Project("{FAE04EC0-301F-11D3-BF4B-00C04F79EFBC}") = "Application", "src\Application\Application.csproj", "{600303E7-1682-4173-A095-47C3800A0011}"
EndProject
Project("{FAE04EC0-301F-11D3-BF4B-00C04F79EFBC}") = "Infrastructure", "src\Infrastructure\Infrastructure.csproj", "{D627ED04-2185-4B1D-ADB7-DD546B81C1D7}"
EndProject
Project("{FAE04EC0-301F-11D3-BF4B-00C04F79EFBC}") = "WebLayer", "src\WebLayer\WebLayer.csproj", "{415F9B01-A749-480F-A91A-DA9F0FDA597E}"
EndProject
Project("{2150E333-8FDC-42A3-9474-1A3956D46DE8}") = "tests", "tests", "{39C1C40A-0CDE-4B92-9F52-DE336858C1F1}"
EndProject
Project("{FAE04EC0-301F-11D3-BF4B-00C04F79EFBC}") = "Domain.Tests", "tests\Domain.Tests\Domain.Tests.csproj", "{0F0BEFF4-F508-4E5F-BCB6-C605FDEF6929}"
EndProject
Project("{FAE04EC0-301F-11D3-BF4B-00C04F79EFBC}") = "Application.Tests", "tests\Application.Tests\Application.Tests.csproj", "{2CD68AD6-F7AC-4ACF-8817-AD41AB357BF2}"
EndProject
Project("{FAE04EC0-301F-11D3-BF4B-00C04F79EFBC}") = "Infrastructure.Tests", "tests\Infrastructure.Tests\Infrastructure.Tests.csproj", "{A89F5719-5665-4711-9803-C4476CA96CCB}"
EndProject
Project("{FAE04EC0-301F-11D3-BF4B-00C04F79EFBC}") = "WebLayer.Tests", "tests\WebLayer.Tests\WebLayer.Tests.csproj", "{7E19EE85-43E6-49A5-BEC8-2307214237D0}"
EndProject
Global
	GlobalSection(SolutionConfigurationPlatforms) = preSolution
		Debug|Any CPU = Debug|Any CPU
		Release|Any CPU = Release|Any CPU
	EndGlobalSection
	GlobalSection(ProjectConfigurationPlatforms) = postSolution
		{79EF5C2E-BA7D-4934-A21C-BEFA62E5085A}.Debug|Any CPU.ActiveCfg = Debug|Any CPU
		{79EF5C2E-BA7D-4934-A21C-BEFA62E5085A}.Debug|Any CPU.Build.0 = Debug|Any CPU
		{79EF5C2E-BA7D-4934-A21C-BEFA62E5085A}.Release|Any CPU.ActiveCfg = Release|Any CPU
		{79EF5C2E-BA7D-4934-A21C-BEFA62E5085A}.Release|Any CPU.Build.0 = Release|Any CPU
		{600303E7-1682-4173-A095-47C3800A0011}.Debug|Any CPU.ActiveCfg = Debug|Any CPU
		{600303E7-1682-4173-A095-47C3800A0011}.Debug|Any CPU.Build.0 = Debug|Any CPU
		{600303E7-1682-4173-A095-47C3800A0011}.Release|Any CPU.ActiveCfg = Release|Any CPU
		{600303E7-1682-4173-A095-47C3800A0011}.Release|Any CPU.Build.0 = Release|Any CPU
		{D627ED04-2185-4B1D-ADB7-DD546B81C1D7}.Debug|Any CPU.ActiveCfg = Debug|Any CPU
		{D627ED04-2185-4B1D-ADB7-DD546B81C1D7}.Debug|Any CPU.Build.0 = Debug|Any CPU
		{D627ED04-2185-4B1D-ADB7-DD546B81C1D7}.Release|Any CPU.ActiveCfg = Release|Any CPU
		{D627ED04-2185-4B1D-ADB7-DD546B81C1D7}.Release|Any CPU.Build.0 = Release|Any CPU
		{415F9B01-A749-480F-A91A-DA9F0FDA597E}.Debug|Any CPU.ActiveCfg = Debug|Any CPU
		{415F9B01-A749-480F-A91A-DA9F0FDA597E}.Debug|Any CPU.Build.0 = Debug|Any CPU
		{415F9B01-A749-480F-A91A-DA9F0FDA597E}.Release|Any CPU.ActiveCfg = Release|Any CPU
		{415F9B01-A749-480F-A91A-DA9F0FDA597E}.Release|Any CPU.Build.0 = Release|Any CPU
		{0F0BEFF4-F508-4E5F-BCB6-C605FDEF6929}.Debug|Any CPU.ActiveCfg = Debug|Any CPU
		{0F0BEFF4-F508-4E5F-BCB6-C605FDEF6929}.Debug|Any CPU.Build.0 = Debug|Any CPU
		{0F0BEFF4-F508-4E5F-BCB6-C605FDEF6929}.Release|Any CPU.ActiveCfg = Release|Any CPU
		{0F0BEFF4-F508-4E5F-BCB6-C605FDEF6929}.Release|Any CPU.Build.0 = Release|Any CPU
		{2CD68AD6-F7AC-4ACF-8817-AD41AB357BF2}.Debug|Any CPU.ActiveCfg = Debug|Any CPU
		{2CD68AD6-F7AC-4ACF-8817-AD41AB357BF2}.Debug|Any CPU.Build.0 = Debug|Any CPU
		{2CD68AD6-F7AC-4ACF-8817-AD41AB357BF2}.Release|Any CPU.ActiveCfg = Release|Any CPU
		{2CD68AD6-F7AC-4ACF-8817-AD41AB357BF2}.Release|Any CPU.Build.0 = Release|Any CPU
		{A89F5719-5665-4711-9803-C4476CA96CCB}.Debug|Any CPU.ActiveCfg = Debug|Any CPU
		{A89F5719-5665-4711-9803-C4476CA96CCB}.Debug|Any CPU.Build.0 = Debug|Any CPU
		{A89F5719-5665-4711-9803-C4476CA96CCB}.Release|Any CPU.ActiveCfg = Release|Any CPU
		{A89F5719-5665-4711-9803-C4476CA96CCB}.Release|Any CPU.Build.0 = Release|Any CPU
		{7E19EE85-43E6-49A5-BEC8-2307214237D0}.Debug|Any CPU.ActiveCfg = Debug|Any CPU
		{7E19EE85-43E6-49A5-BEC8-2307214237D0}.Debug|Any CPU.Build.0 = Debug|Any CPU
		{7E19EE85-43E6-49A5-BEC8-2307214237D0}.Release|Any CPU.ActiveCfg = Release|Any CPU
		{7E19EE85-43E6-49A5-BEC8-2307214237D0}.Release|Any CPU.Build.0 = Release|Any CPU
	EndGlobalSection
	GlobalSection(NestedProjects) = preSolution
		{79EF5C2E-BA7D-4934-A21C-BEFA62E5085A} = {9D64FA0C-6626-44F2-942D-A6C972F53824}
		{600303E7-1682-4173-A095-47C3800A0011} = {9D64FA0C-6626-44F2-942D-A6C972F53824}
		{D627ED04-2185-4B1D-ADB7-DD546B81C1D7} = {9D64FA0C-6626-44F2-942D-A6C972F53824}
		{415F9B01-A749-480F-A91A-DA9F0FDA597E} = {9D64FA0C-6626-44F2-942D-A6C972F53824}
		{0F0BEFF4-F508-4E5F-BCB6-C605FDEF6929} = {39C1C40A-0CDE-4B92-9F52-DE336858C1F1}
		{2CD68AD6-F7AC-4ACF-8817-AD41AB357BF2} = {39C1C40A-0CDE-4B92-9F52-DE336858C1F1}
		{A89F5719-5665-4711-9803-C4476CA96CCB} = {39C1C40A-0CDE-4B92-9F52-DE336858C1F1}
		{7E19EE85-43E6-49A5-BEC8-2307214237D0} = {39C1C40A-0CDE-4B92-9F52-DE336858C1F1}
	EndGlobalSection
EndGlobal
